
Microsoft Visual Studio Solution File, Format Version 12.00
# Visual Studio Version 17
VisualStudioVersion = 17.12.35521.163 d17.12
MinimumVisualStudioVersion = 10.0.40219.1
Project("{FAE04EC0-301F-11D3-BF4B-00C04F79EFBC}") = "WebSocket Server with TLS", "WebSocket Server with TLS\WebSocket Server with TLS.csproj", "{97B53F28-EA90-4777-B097-A7836BE3807B}"
EndProject
Global
	GlobalSection(SolutionConfigurationPlatforms) = preSolution
		Debug|Any CPU = Debug|Any CPU
		Release|Any CPU = Release|Any CPU
	EndGlobalSection
	GlobalSection(ProjectConfigurationPlatforms) = postSolution
		{97B53F28-EA90-4777-B097-A7836BE3807B}.Debug|Any CPU.ActiveCfg = Debug|Any CPU
		{97B53F28-EA90-4777-B097-A7836BE3807B}.Debug|Any CPU.Build.0 = Debug|Any CPU
		{97B53F28-EA90-4777-B097-A7836BE3807B}.Release|Any CPU.ActiveCfg = Release|Any CPU
		{97B53F28-EA90-4777-B097-A7836BE3807B}.Release|Any CPU.Build.0 = Release|Any CPU
	EndGlobalSection
	GlobalSection(SolutionProperties) = preSolution
		HideSolutionNode = FALSE
	EndGlobalSection
EndGlobal
